
Microsoft Visual Studio Solution File, Format Version 12.00
# Visual Studio Version 16
VisualStudioVersion = 16.0.32002.261
MinimumVisualStudioVersion = 10.0.40219.1
Project("{FAE04EC0-301F-11D3-BF4B-00C04F79EFBC}") = "5Feb22", "5Feb22.csproj", "{D8A47613-6BFA-4F34-8E59-04CE59CBC317}"
EndProject
Global
	GlobalSection(SolutionConfigurationPlatforms) = preSolution
		Debug|Any CPU = Debug|Any CPU
		Release|Any CPU = Release|Any CPU
	EndGlobalSection
	GlobalSection(ProjectConfigurationPlatforms) = postSolution
		{D8A47613-6BFA-4F34-8E59-04CE59CBC317}.Debug|Any CPU.ActiveCfg = Debug|Any CPU
		{D8A47613-6BFA-4F34-8E59-04CE59CBC317}.Debug|Any CPU.Build.0 = Debug|Any CPU
		{D8A47613-6BFA-4F34-8E59-04CE59CBC317}.Release|Any CPU.ActiveCfg = Release|Any CPU
		{D8A47613-6BFA-4F34-8E59-04CE59CBC317}.Release|Any CPU.Build.0 = Release|Any CPU
	EndGlobalSection
	GlobalSection(SolutionProperties) = preSolution
		HideSolutionNode = FALSE
	EndGlobalSection
	GlobalSection(ExtensibilityGlobals) = postSolution
		SolutionGuid = {83F287DE-A0A5-402B-BA18-0B296FE4D2BD}
	EndGlobalSection
EndGlobal
